{
  "object": {
    "pins": [
      {
        "package": "SQLite.swift",
        "repositoryURL": "https://github.com/dymv/SQLite.swift.git",
        "state": {
          "branch": "with-removed-playgrounds",
          "revision": "6047fa4bfa8e2259035cc5214a0c950a2c30ff73",
          "version": null
        }
      }
    ]
  },
  "version": 1
}
